
Microsoft Visual Studio Solution File, Format Version 12.00
# Visual Studio Version 17
VisualStudioVersion = 17.9.34701.34
MinimumVisualStudioVersion = 10.0.40219.1
Project("{9A19103F-16F7-4668-BE54-9A1E7A4F7556}") = "WebAPI", "WebApplication1\WebAPI.csproj", "{4B035711-8B61-4B27-9076-032364E863D5}"
	ProjectSection(ProjectDependencies) = postProject
		{2142C1D3-33A6-4C13-8934-D9A908AADBED} = {2142C1D3-33A6-4C13-8934-D9A908AADBED}
		{718B2AA3-6C2E-4D11-A354-63F8B9EA847B} = {718B2AA3-6C2E-4D11-A354-63F8B9EA847B}
		{9B0B36D3-BA3B-4C02-A98F-83EE2E29B979} = {9B0B36D3-BA3B-4C02-A98F-83EE2E29B979}
	EndProjectSection
EndProject
Project("{FAE04EC0-301F-11D3-BF4B-00C04F79EFBC}") = "ConsoleConsumer", "ConsoleApp1\ConsoleConsumer.csproj", "{9B0B36D3-BA3B-4C02-A98F-83EE2E29B979}"
EndProject
Project("{2150E333-8FDC-42A3-9474-1A3956D46DE8}") = "SimulatorApps", "SimulatorApps", "{B67B73A5-BCCE-41CC-B59D-D227A55EB1C1}"
EndProject
Project("{2150E333-8FDC-42A3-9474-1A3956D46DE8}") = "Consumers", "Consumers", "{C699337F-EB94-4264-86B2-B384663340ED}"
EndProject
Project("{FAE04EC0-301F-11D3-BF4B-00C04F79EFBC}") = "Monitor", "Monitor\Monitor.csproj", "{2142C1D3-33A6-4C13-8934-D9A908AADBED}"
EndProject
Project("{FAE04EC0-301F-11D3-BF4B-00C04F79EFBC}") = "Simulator", "ConsoleApp2\Simulator.csproj", "{45EADA4D-DA4E-4C20-A2DD-16D7A1F300F8}"
EndProject
Project("{2150E333-8FDC-42A3-9474-1A3956D46DE8}") = "Solution Items", "Solution Items", "{9BE855B2-14BC-41DD-83F5-778A966AE552}"
	ProjectSection(SolutionItems) = preProject
		.editorconfig = .editorconfig
	EndProjectSection
EndProject
Project("{FAE04EC0-301F-11D3-BF4B-00C04F79EFBC}") = "Comunicator", "Comunicator\Comunicator.csproj", "{718B2AA3-6C2E-4D11-A354-63F8B9EA847B}"
EndProject
Project("{FAE04EC0-301F-11D3-BF4B-00C04F79EFBC}") = "DataModel", "DataModel\DataModel.csproj", "{842D304C-719C-4708-B2D5-D315DB52EA99}"
EndProject
Global
	GlobalSection(SolutionConfigurationPlatforms) = preSolution
		Debug|Any CPU = Debug|Any CPU
		Debug|ARM = Debug|ARM
		Debug|ARM64 = Debug|ARM64
		Debug|x64 = Debug|x64
		Debug|x86 = Debug|x86
		Release|Any CPU = Release|Any CPU
		Release|ARM = Release|ARM
		Release|ARM64 = Release|ARM64
		Release|x64 = Release|x64
		Release|x86 = Release|x86
	EndGlobalSection
	GlobalSection(ProjectConfigurationPlatforms) = postSolution
		{4B035711-8B61-4B27-9076-032364E863D5}.Debug|Any CPU.ActiveCfg = Debug|Any CPU
		{4B035711-8B61-4B27-9076-032364E863D5}.Debug|Any CPU.Build.0 = Debug|Any CPU
		{4B035711-8B61-4B27-9076-032364E863D5}.Debug|ARM.ActiveCfg = Debug|Any CPU
		{4B035711-8B61-4B27-9076-032364E863D5}.Debug|ARM.Build.0 = Debug|Any CPU
		{4B035711-8B61-4B27-9076-032364E863D5}.Debug|ARM64.ActiveCfg = Debug|Any CPU
		{4B035711-8B61-4B27-9076-032364E863D5}.Debug|ARM64.Build.0 = Debug|Any CPU
		{4B035711-8B61-4B27-9076-032364E863D5}.Debug|x64.ActiveCfg = Debug|Any CPU
		{4B035711-8B61-4B27-9076-032364E863D5}.Debug|x64.Build.0 = Debug|Any CPU
		{4B035711-8B61-4B27-9076-032364E863D5}.Debug|x86.ActiveCfg = Debug|Any CPU
		{4B035711-8B61-4B27-9076-032364E863D5}.Debug|x86.Build.0 = Debug|Any CPU
		{4B035711-8B61-4B27-9076-032364E863D5}.Release|Any CPU.ActiveCfg = Release|Any CPU
		{4B035711-8B61-4B27-9076-032364E863D5}.Release|Any CPU.Build.0 = Release|Any CPU
		{4B035711-8B61-4B27-9076-032364E863D5}.Release|ARM.ActiveCfg = Release|Any CPU
		{4B035711-8B61-4B27-9076-032364E863D5}.Release|ARM.Build.0 = Release|Any CPU
		{4B035711-8B61-4B27-9076-032364E863D5}.Release|ARM64.ActiveCfg = Release|Any CPU
		{4B035711-8B61-4B27-9076-032364E863D5}.Release|ARM64.Build.0 = Release|Any CPU
		{4B035711-8B61-4B27-9076-032364E863D5}.Release|x64.ActiveCfg = Release|Any CPU
		{4B035711-8B61-4B27-9076-032364E863D5}.Release|x64.Build.0 = Release|Any CPU
		{4B035711-8B61-4B27-9076-032364E863D5}.Release|x86.ActiveCfg = Release|Any CPU
		{4B035711-8B61-4B27-9076-032364E863D5}.Release|x86.Build.0 = Release|Any CPU
		{9B0B36D3-BA3B-4C02-A98F-83EE2E29B979}.Debug|Any CPU.ActiveCfg = Debug|Any CPU
		{9B0B36D3-BA3B-4C02-A98F-83EE2E29B979}.Debug|Any CPU.Build.0 = Debug|Any CPU
		{9B0B36D3-BA3B-4C02-A98F-83EE2E29B979}.Debug|ARM.ActiveCfg = Debug|Any CPU
		{9B0B36D3-BA3B-4C02-A98F-83EE2E29B979}.Debug|ARM.Build.0 = Debug|Any CPU
		{9B0B36D3-BA3B-4C02-A98F-83EE2E29B979}.Debug|ARM64.ActiveCfg = Debug|Any CPU
		{9B0B36D3-BA3B-4C02-A98F-83EE2E29B979}.Debug|ARM64.Build.0 = Debug|Any CPU
		{9B0B36D3-BA3B-4C02-A98F-83EE2E29B979}.Debug|x64.ActiveCfg = Debug|Any CPU
		{9B0B36D3-BA3B-4C02-A98F-83EE2E29B979}.Debug|x64.Build.0 = Debug|Any CPU
		{9B0B36D3-BA3B-4C02-A98F-83EE2E29B979}.Debug|x86.ActiveCfg = Debug|Any CPU
		{9B0B36D3-BA3B-4C02-A98F-83EE2E29B979}.Debug|x86.Build.0 = Debug|Any CPU
		{9B0B36D3-BA3B-4C02-A98F-83EE2E29B979}.Release|Any CPU.ActiveCfg = Release|Any CPU
		{9B0B36D3-BA3B-4C02-A98F-83EE2E29B979}.Release|Any CPU.Build.0 = Release|Any CPU
		{9B0B36D3-BA3B-4C02-A98F-83EE2E29B979}.Release|ARM.ActiveCfg = Release|Any CPU
		{9B0B36D3-BA3B-4C02-A98F-83EE2E29B979}.Release|ARM.Build.0 = Release|Any CPU
		{9B0B36D3-BA3B-4C02-A98F-83EE2E29B979}.Release|ARM64.ActiveCfg = Release|Any CPU
		{9B0B36D3-BA3B-4C02-A98F-83EE2E29B979}.Release|ARM64.Build.0 = Release|Any CPU
		{9B0B36D3-BA3B-4C02-A98F-83EE2E29B979}.Release|x64.ActiveCfg = Release|Any CPU
		{9B0B36D3-BA3B-4C02-A98F-83EE2E29B979}.Release|x64.Build.0 = Release|Any CPU
		{9B0B36D3-BA3B-4C02-A98F-83EE2E29B979}.Release|x86.ActiveCfg = Release|Any CPU
		{9B0B36D3-BA3B-4C02-A98F-83EE2E29B979}.Release|x86.Build.0 = Release|Any CPU
		{2142C1D3-33A6-4C13-8934-D9A908AADBED}.Debug|Any CPU.ActiveCfg = Debug|Any CPU
		{2142C1D3-33A6-4C13-8934-D9A908AADBED}.Debug|Any CPU.Build.0 = Debug|Any CPU
		{2142C1D3-33A6-4C13-8934-D9A908AADBED}.Debug|ARM.ActiveCfg = Debug|Any CPU
		{2142C1D3-33A6-4C13-8934-D9A908AADBED}.Debug|ARM.Build.0 = Debug|Any CPU
		{2142C1D3-33A6-4C13-8934-D9A908AADBED}.Debug|ARM64.ActiveCfg = Debug|Any CPU
		{2142C1D3-33A6-4C13-8934-D9A908AADBED}.Debug|ARM64.Build.0 = Debug|Any CPU
		{2142C1D3-33A6-4C13-8934-D9A908AADBED}.Debug|x64.ActiveCfg = Debug|Any CPU
		{2142C1D3-33A6-4C13-8934-D9A908AADBED}.Debug|x64.Build.0 = Debug|Any CPU
		{2142C1D3-33A6-4C13-8934-D9A908AADBED}.Debug|x86.ActiveCfg = Debug|Any CPU
		{2142C1D3-33A6-4C13-8934-D9A908AADBED}.Debug|x86.Build.0 = Debug|Any CPU
		{2142C1D3-33A6-4C13-8934-D9A908AADBED}.Release|Any CPU.ActiveCfg = Release|Any CPU
		{2142C1D3-33A6-4C13-8934-D9A908AADBED}.Release|Any CPU.Build.0 = Release|Any CPU
		{2142C1D3-33A6-4C13-8934-D9A908AADBED}.Release|ARM.ActiveCfg = Release|Any CPU
		{2142C1D3-33A6-4C13-8934-D9A908AADBED}.Release|ARM.Build.0 = Release|Any CPU
		{2142C1D3-33A6-4C13-8934-D9A908AADBED}.Release|ARM64.ActiveCfg = Release|Any CPU
		{2142C1D3-33A6-4C13-8934-D9A908AADBED}.Release|ARM64.Build.0 = Release|Any CPU
		{2142C1D3-33A6-4C13-8934-D9A908AADBED}.Release|x64.ActiveCfg = Release|Any CPU
		{2142C1D3-33A6-4C13-8934-D9A908AADBED}.Release|x64.Build.0 = Release|Any CPU
		{2142C1D3-33A6-4C13-8934-D9A908AADBED}.Release|x86.ActiveCfg = Release|Any CPU
		{2142C1D3-33A6-4C13-8934-D9A908AADBED}.Release|x86.Build.0 = Release|Any CPU
		{45EADA4D-DA4E-4C20-A2DD-16D7A1F300F8}.Debug|Any CPU.ActiveCfg = Debug|Any CPU
		{45EADA4D-DA4E-4C20-A2DD-16D7A1F300F8}.Debug|Any CPU.Build.0 = Debug|Any CPU
		{45EADA4D-DA4E-4C20-A2DD-16D7A1F300F8}.Debug|ARM.ActiveCfg = Debug|Any CPU
		{45EADA4D-DA4E-4C20-A2DD-16D7A1F300F8}.Debug|ARM.Build.0 = Debug|Any CPU
		{45EADA4D-DA4E-4C20-A2DD-16D7A1F300F8}.Debug|ARM64.ActiveCfg = Debug|Any CPU
		{45EADA4D-DA4E-4C20-A2DD-16D7A1F300F8}.Debug|ARM64.Build.0 = Debug|Any CPU
		{45EADA4D-DA4E-4C20-A2DD-16D7A1F300F8}.Debug|x64.ActiveCfg = Debug|Any CPU
		{45EADA4D-DA4E-4C20-A2DD-16D7A1F300F8}.Debug|x64.Build.0 = Debug|Any CPU
		{45EADA4D-DA4E-4C20-A2DD-16D7A1F300F8}.Debug|x86.ActiveCfg = Debug|Any CPU
		{45EADA4D-DA4E-4C20-A2DD-16D7A1F300F8}.Debug|x86.Build.0 = Debug|Any CPU
		{45EADA4D-DA4E-4C20-A2DD-16D7A1F300F8}.Release|Any CPU.ActiveCfg = Release|Any CPU
		{45EADA4D-DA4E-4C20-A2DD-16D7A1F300F8}.Release|Any CPU.Build.0 = Release|Any CPU
		{45EADA4D-DA4E-4C20-A2DD-16D7A1F300F8}.Release|ARM.ActiveCfg = Release|Any CPU
		{45EADA4D-DA4E-4C20-A2DD-16D7A1F300F8}.Release|ARM.Build.0 = Release|Any CPU
		{45EADA4D-DA4E-4C20-A2DD-16D7A1F300F8}.Release|ARM64.ActiveCfg = Release|Any CPU
		{45EADA4D-DA4E-4C20-A2DD-16D7A1F300F8}.Release|ARM64.Build.0 = Release|Any CPU
		{45EADA4D-DA4E-4C20-A2DD-16D7A1F300F8}.Release|x64.ActiveCfg = Release|Any CPU
		{45EADA4D-DA4E-4C20-A2DD-16D7A1F300F8}.Release|x64.Build.0 = Release|Any CPU
		{45EADA4D-DA4E-4C20-A2DD-16D7A1F300F8}.Release|x86.ActiveCfg = Release|Any CPU
		{45EADA4D-DA4E-4C20-A2DD-16D7A1F300F8}.Release|x86.Build.0 = Release|Any CPU
		{718B2AA3-6C2E-4D11-A354-63F8B9EA847B}.Debug|Any CPU.ActiveCfg = Debug|Any CPU
		{718B2AA3-6C2E-4D11-A354-63F8B9EA847B}.Debug|Any CPU.Build.0 = Debug|Any CPU
		{718B2AA3-6C2E-4D11-A354-63F8B9EA847B}.Debug|ARM.ActiveCfg = Debug|Any CPU
		{718B2AA3-6C2E-4D11-A354-63F8B9EA847B}.Debug|ARM.Build.0 = Debug|Any CPU
		{718B2AA3-6C2E-4D11-A354-63F8B9EA847B}.Debug|ARM64.ActiveCfg = Debug|Any CPU
		{718B2AA3-6C2E-4D11-A354-63F8B9EA847B}.Debug|ARM64.Build.0 = Debug|Any CPU
		{718B2AA3-6C2E-4D11-A354-63F8B9EA847B}.Debug|x64.ActiveCfg = Debug|Any CPU
		{718B2AA3-6C2E-4D11-A354-63F8B9EA847B}.Debug|x64.Build.0 = Debug|Any CPU
		{718B2AA3-6C2E-4D11-A354-63F8B9EA847B}.Debug|x86.ActiveCfg = Debug|Any CPU
		{718B2AA3-6C2E-4D11-A354-63F8B9EA847B}.Debug|x86.Build.0 = Debug|Any CPU
		{718B2AA3-6C2E-4D11-A354-63F8B9EA847B}.Release|Any CPU.ActiveCfg = Release|Any CPU
		{718B2AA3-6C2E-4D11-A354-63F8B9EA847B}.Release|Any CPU.Build.0 = Release|Any CPU
		{718B2AA3-6C2E-4D11-A354-63F8B9EA847B}.Release|ARM.ActiveCfg = Release|Any CPU
		{718B2AA3-6C2E-4D11-A354-63F8B9EA847B}.Release|ARM.Build.0 = Release|Any CPU
		{718B2AA3-6C2E-4D11-A354-63F8B9EA847B}.Release|ARM64.ActiveCfg = Release|Any CPU
		{718B2AA3-6C2E-4D11-A354-63F8B9EA847B}.Release|ARM64.Build.0 = Release|Any CPU
		{718B2AA3-6C2E-4D11-A354-63F8B9EA847B}.Release|x64.ActiveCfg = Release|Any CPU
		{718B2AA3-6C2E-4D11-A354-63F8B9EA847B}.Release|x64.Build.0 = Release|Any CPU
		{718B2AA3-6C2E-4D11-A354-63F8B9EA847B}.Release|x86.ActiveCfg = Release|Any CPU
		{718B2AA3-6C2E-4D11-A354-63F8B9EA847B}.Release|x86.Build.0 = Release|Any CPU
		{842D304C-719C-4708-B2D5-D315DB52EA99}.Debug|Any CPU.ActiveCfg = Debug|Any CPU
		{842D304C-719C-4708-B2D5-D315DB52EA99}.Debug|Any CPU.Build.0 = Debug|Any CPU
		{842D304C-719C-4708-B2D5-D315DB52EA99}.Debug|ARM.ActiveCfg = Debug|Any CPU
		{842D304C-719C-4708-B2D5-D315DB52EA99}.Debug|ARM.Build.0 = Debug|Any CPU
		{842D304C-719C-4708-B2D5-D315DB52EA99}.Debug|ARM64.ActiveCfg = Debug|Any CPU
		{842D304C-719C-4708-B2D5-D315DB52EA99}.Debug|ARM64.Build.0 = Debug|Any CPU
		{842D304C-719C-4708-B2D5-D315DB52EA99}.Debug|x64.ActiveCfg = Debug|Any CPU
		{842D304C-719C-4708-B2D5-D315DB52EA99}.Debug|x64.Build.0 = Debug|Any CPU
		{842D304C-719C-4708-B2D5-D315DB52EA99}.Debug|x86.ActiveCfg = Debug|Any CPU
		{842D304C-719C-4708-B2D5-D315DB52EA99}.Debug|x86.Build.0 = Debug|Any CPU
		{842D304C-719C-4708-B2D5-D315DB52EA99}.Release|Any CPU.ActiveCfg = Release|Any CPU
		{842D304C-719C-4708-B2D5-D315DB52EA99}.Release|Any CPU.Build.0 = Release|Any CPU
		{842D304C-719C-4708-B2D5-D315DB52EA99}.Release|ARM.ActiveCfg = Release|Any CPU
		{842D304C-719C-4708-B2D5-D315DB52EA99}.Release|ARM.Build.0 = Release|Any CPU
		{842D304C-719C-4708-B2D5-D315DB52EA99}.Release|ARM64.ActiveCfg = Release|Any CPU
		{842D304C-719C-4708-B2D5-D315DB52EA99}.Release|ARM64.Build.0 = Release|Any CPU
		{842D304C-719C-4708-B2D5-D315DB52EA99}.Release|x64.ActiveCfg = Release|Any CPU
		{842D304C-719C-4708-B2D5-D315DB52EA99}.Release|x64.Build.0 = Release|Any CPU
		{842D304C-719C-4708-B2D5-D315DB52EA99}.Release|x86.ActiveCfg = Release|Any CPU
		{842D304C-719C-4708-B2D5-D315DB52EA99}.Release|x86.Build.0 = Release|Any CPU
	EndGlobalSection
	GlobalSection(SolutionProperties) = preSolution
		HideSolutionNode = FALSE
	EndGlobalSection
	GlobalSection(NestedProjects) = preSolution
		{9B0B36D3-BA3B-4C02-A98F-83EE2E29B979} = {C699337F-EB94-4264-86B2-B384663340ED}
		{2142C1D3-33A6-4C13-8934-D9A908AADBED} = {B67B73A5-BCCE-41CC-B59D-D227A55EB1C1}
		{45EADA4D-DA4E-4C20-A2DD-16D7A1F300F8} = {B67B73A5-BCCE-41CC-B59D-D227A55EB1C1}
		{718B2AA3-6C2E-4D11-A354-63F8B9EA847B} = {B67B73A5-BCCE-41CC-B59D-D227A55EB1C1}
	EndGlobalSection
	GlobalSection(ExtensibilityGlobals) = postSolution
		SolutionGuid = {72E8C3D6-188E-4777-AB2F-F8B543D1703F}
	EndGlobalSection
EndGlobal
